
Microsoft Visual Studio Solution File, Format Version 12.00
# Visual Studio 2012
Project("{FAE04EC0-301F-11D3-BF4B-00C04F79EFBC}") = "ReProBuild", "ReProBuild\ReProBuild.csproj", "{FE277DD9-925F-4B84-A138-ED229E399951}"
EndProject
Global
	GlobalSection(SolutionConfigurationPlatforms) = preSolution
		Debug|x86 = Debug|x86
		Release|x86 = Release|x86
	EndGlobalSection
	GlobalSection(ProjectConfigurationPlatforms) = postSolution
		{FE277DD9-925F-4B84-A138-ED229E399951}.Debug|x86.ActiveCfg = Debug|Any CPU
		{FE277DD9-925F-4B84-A138-ED229E399951}.Debug|x86.Build.0 = Debug|Any CPU
		{FE277DD9-925F-4B84-A138-ED229E399951}.Release|x86.ActiveCfg = Release|Any CPU
		{FE277DD9-925F-4B84-A138-ED229E399951}.Release|x86.Build.0 = Release|Any CPU
	EndGlobalSection
EndGlobal
